// !$*UTF8*$!
{
	archiveVersion = 1;
	classes = {
	};
	objectVersion = 46;
	objects = {

/* Begin PBXBuildFile section */
		4406EEC913B0A0ED00D8F77F /* MessageUI.framework in Frameworks */ = {isa = PBXBuildFile; fileRef = 4406EEC813B0A0ED00D8F77F /* MessageUI.framework */; };
		4407217113A13AC6002C8B08 /* RootView.xib in Resources */ = {isa = PBXBuildFile; fileRef = 4407217013A13AC6002C8B08 /* RootView.xib */; };
		44193ECA13A133A90025300D /* UIKit.framework in Frameworks */ = {isa = PBXBuildFile; fileRef = 44193EC913A133A90025300D /* UIKit.framework */; };
		44193ECC13A133A90025300D /* Foundation.framework in Frameworks */ = {isa = PBXBuildFile; fileRef = 44193ECB13A133A90025300D /* Foundation.framework */; };
		44193ECE13A133A90025300D /* CoreGraphics.framework in Frameworks */ = {isa = PBXBuildFile; fileRef = 44193ECD13A133A90025300D /* CoreGraphics.framework */; };
		44193ED413A133A90025300D /* InfoPlist.strings in Resources */ = {isa = PBXBuildFile; fileRef = 44193ED213A133A90025300D /* InfoPlist.strings */; };
		44193ED713A133A90025300D /* main.m in Sources */ = {isa = PBXBuildFile; fileRef = 44193ED613A133A90025300D /* main.m */; };
		44193EDA13A133A90025300D /* YummyAppDelegate.m in Sources */ = {isa = PBXBuildFile; fileRef = 44193ED913A133A90025300D /* YummyAppDelegate.m */; };
		44193EDD13A133A90025300D /* MainWindow.xib in Resources */ = {isa = PBXBuildFile; fileRef = 44193EDB13A133A90025300D /* MainWindow.xib */; };
		44193EE613A133A90025300D /* RootViewController.m in Sources */ = {isa = PBXBuildFile; fileRef = 44193EE513A133A90025300D /* RootViewController.m */; };
		44193EED13A133AA0025300D /* UIKit.framework in Frameworks */ = {isa = PBXBuildFile; fileRef = 44193EC913A133A90025300D /* UIKit.framework */; };
		44193EEE13A133AA0025300D /* Foundation.framework in Frameworks */ = {isa = PBXBuildFile; fileRef = 44193ECB13A133A90025300D /* Foundation.framework */; };
		44193EEF13A133AA0025300D /* CoreGraphics.framework in Frameworks */ = {isa = PBXBuildFile; fileRef = 44193ECD13A133A90025300D /* CoreGraphics.framework */; };
		44193EF713A133AA0025300D /* InfoPlist.strings in Resources */ = {isa = PBXBuildFile; fileRef = 44193EF513A133AA0025300D /* InfoPlist.strings */; };
		44193EFA13A133AA0025300D /* YummyTests.h in Resources */ = {isa = PBXBuildFile; fileRef = 44193EF913A133AA0025300D /* YummyTests.h */; };
		44193EFC13A133AA0025300D /* YummyTests.m in Sources */ = {isa = PBXBuildFile; fileRef = 44193EFB13A133AA0025300D /* YummyTests.m */; };
		44193F0913A134620025300D /* PopularBookmarksViewController.m in Sources */ = {isa = PBXBuildFile; fileRef = 44193F0613A134620025300D /* PopularBookmarksViewController.m */; };
		44193F0A13A134620025300D /* BookmarkFeedViewController.m in Sources */ = {isa = PBXBuildFile; fileRef = 44193F0813A134620025300D /* BookmarkFeedViewController.m */; };
		447CD20B13A5319E00AE457C /* libRestKitNetwork.a in Frameworks */ = {isa = PBXBuildFile; fileRef = 447CD20613A5319E00AE457C /* libRestKitNetwork.a */; };
		447CD20C13A5319E00AE457C /* libRestKitObjectMapping.a in Frameworks */ = {isa = PBXBuildFile; fileRef = 447CD20713A5319E00AE457C /* libRestKitObjectMapping.a */; };
		447CD20D13A5319E00AE457C /* libRestKitSupport.a in Frameworks */ = {isa = PBXBuildFile; fileRef = 447CD20813A5319E00AE457C /* libRestKitSupport.a */; };
		447CD21213A5319E00AE457C /* CFNetwork.framework in Frameworks */ = {isa = PBXBuildFile; fileRef = 447CD20E13A5319E00AE457C /* CFNetwork.framework */; };
		447CD21313A5319E00AE457C /* CoreData.framework in Frameworks */ = {isa = PBXBuildFile; fileRef = 447CD20F13A5319E00AE457C /* CoreData.framework */; };
		447CD21413A5319E00AE457C /* MobileCoreServices.framework in Frameworks */ = {isa = PBXBuildFile; fileRef = 447CD21013A5319E00AE457C /* MobileCoreServices.framework */; };
		447CD21513A5319E00AE457C /* SystemConfiguration.framework in Frameworks */ = {isa = PBXBuildFile; fileRef = 447CD21113A5319E00AE457C /* SystemConfiguration.framework */; };
		447CD21813A534CE00AE457C /* Bookmark.m in Sources */ = {isa = PBXBuildFile; fileRef = 447CD21713A534CE00AE457C /* Bookmark.m */; };
		447CD21B13A53AC900AE457C /* DetailViewController.m in Sources */ = {isa = PBXBuildFile; fileRef = 447CD21A13A53AC900AE457C /* DetailViewController.m */; };
		44A6491713B1FBEB00B1ECE1 /* EGORefreshTableHeaderView.m in Sources */ = {isa = PBXBuildFile; fileRef = 44A6491513B1FBEB00B1ECE1 /* EGORefreshTableHeaderView.m */; };
		44A6492113B1FC1300B1ECE1 /* whiteArrow@2x.png in Resources */ = {isa = PBXBuildFile; fileRef = 44A6491913B1FC1300B1ECE1 /* whiteArrow@2x.png */; };
		44A6492213B1FC1300B1ECE1 /* whiteArrow.png in Resources */ = {isa = PBXBuildFile; fileRef = 44A6491A13B1FC1300B1ECE1 /* whiteArrow.png */; };
		44A6492313B1FC1300B1ECE1 /* grayArrow@2x.png in Resources */ = {isa = PBXBuildFile; fileRef = 44A6491B13B1FC1300B1ECE1 /* grayArrow@2x.png */; };
		44A6492413B1FC1300B1ECE1 /* grayArrow.png in Resources */ = {isa = PBXBuildFile; fileRef = 44A6491C13B1FC1300B1ECE1 /* grayArrow.png */; };
		44A6492513B1FC1300B1ECE1 /* blueArrow@2x.png in Resources */ = {isa = PBXBuildFile; fileRef = 44A6491D13B1FC1300B1ECE1 /* blueArrow@2x.png */; };
		44A6492613B1FC1300B1ECE1 /* blueArrow.png in Resources */ = {isa = PBXBuildFile; fileRef = 44A6491E13B1FC1300B1ECE1 /* blueArrow.png */; };
		44A6492713B1FC1300B1ECE1 /* blackArrow@2x.png in Resources */ = {isa = PBXBuildFile; fileRef = 44A6491F13B1FC1300B1ECE1 /* blackArrow@2x.png */; };
		44A6492813B1FC1300B1ECE1 /* blackArrow.png in Resources */ = {isa = PBXBuildFile; fileRef = 44A6492013B1FC1300B1ECE1 /* blackArrow.png */; };
		44A6492C13B1FCC800B1ECE1 /* QuartzCore.framework in Frameworks */ = {isa = PBXBuildFile; fileRef = 44A6492B13B1FCC800B1ECE1 /* QuartzCore.framework */; };
		44C59F7A13A7BA0C00B68DC2 /* BookmarkCell.m in Sources */ = {isa = PBXBuildFile; fileRef = 44C59F7813A7BA0C00B68DC2 /* BookmarkCell.m */; };
		44C59F8413A921BB00B68DC2 /* BookmarkWebViewController.m in Sources */ = {isa = PBXBuildFile; fileRef = 44C59F8213A921BB00B68DC2 /* BookmarkWebViewController.m */; };
		44C59F8513A921BB00B68DC2 /* BookmarkWebView.xib in Resources */ = {isa = PBXBuildFile; fileRef = 44C59F8313A921BB00B68DC2 /* BookmarkWebView.xib */; };
		44DD583913B0C15300009437 /* libRestKitJSONParserYAJL.a in Frameworks */ = {isa = PBXBuildFile; fileRef = 44DD583813B0C15300009437 /* libRestKitJSONParserYAJL.a */; };
		44DD583C13B0C38200009437 /* RecentBookmarksViewController.m in Sources */ = {isa = PBXBuildFile; fileRef = 44DD583B13B0C38200009437 /* RecentBookmarksViewController.m */; };
		44DD584113B0CD9C00009437 /* TagSelectorViewController.m in Sources */ = {isa = PBXBuildFile; fileRef = 44DD584013B0CD9C00009437 /* TagSelectorViewController.m */; };
		44DD584313B0D45500009437 /* BookmarkCell.xib in Resources */ = {isa = PBXBuildFile; fileRef = 44DD584213B0D45500009437 /* BookmarkCell.xib */; };
/* End PBXBuildFile section */

/* Begin PBXContainerItemProxy section */
		44193EF013A133AA0025300D /* PBXContainerItemProxy */ = {
			isa = PBXContainerItemProxy;
			containerPortal = 44193EBC13A133A90025300D /* Project object */;
			proxyType = 1;
			remoteGlobalIDString = 44193EC413A133A90025300D;
			remoteInfo = Yummy;
		};
		447CD28B13A56F8200AE457C /* PBXContainerItemProxy */ = {
			isa = PBXContainerItemProxy;
			containerPortal = 447CD27D13A56F8200AE457C /* RestKit.xcodeproj */;
			proxyType = 2;
			remoteGlobalIDString = 253A07FC1255161B00976E89;
			remoteInfo = RestKitNetwork;
		};
		447CD28D13A56F8200AE457C /* PBXContainerItemProxy */ = {
			isa = PBXContainerItemProxy;
			containerPortal = 447CD27D13A56F8200AE457C /* RestKit.xcodeproj */;
			proxyType = 2;
			remoteGlobalIDString = 253A08031255162C00976E89;
			remoteInfo = RestKitObjectMapping;
		};
		447CD28F13A56F8200AE457C /* PBXContainerItemProxy */ = {
			isa = PBXContainerItemProxy;
			containerPortal = 447CD27D13A56F8200AE457C /* RestKit.xcodeproj */;
			proxyType = 2;
			remoteGlobalIDString = 253A080C12551D3000976E89;
			remoteInfo = RestKitSupport;
		};
		447CD29113A56F8200AE457C /* PBXContainerItemProxy */ = {
			isa = PBXContainerItemProxy;
			containerPortal = 447CD27D13A56F8200AE457C /* RestKit.xcodeproj */;
			proxyType = 2;
			remoteGlobalIDString = 2590E64F125231F600531FA8;
			remoteInfo = "RestKitJSONParser+YAJL";
		};
		447CD29313A56F8200AE457C /* PBXContainerItemProxy */ = {
			isa = PBXContainerItemProxy;
			containerPortal = 447CD27D13A56F8200AE457C /* RestKit.xcodeproj */;
			proxyType = 2;
			remoteGlobalIDString = 2590E66B1252353700531FA8;
			remoteInfo = "RestKitJSONParser+SBJSON";
		};
		447CD29513A56F8200AE457C /* PBXContainerItemProxy */ = {
			isa = PBXContainerItemProxy;
			containerPortal = 447CD27D13A56F8200AE457C /* RestKit.xcodeproj */;
			proxyType = 2;
			remoteGlobalIDString = 73057FD11331AD2E001908EE;
			remoteInfo = "RestKitJSONParser+JSONKit";
		};
		447CD29713A56F8200AE457C /* PBXContainerItemProxy */ = {
			isa = PBXContainerItemProxy;
			containerPortal = 447CD27D13A56F8200AE457C /* RestKit.xcodeproj */;
			proxyType = 2;
			remoteGlobalIDString = 25BD43BD1340315800DBACDD;
			remoteInfo = "RestKitXMLParser+Libxml";
		};
		447CD29913A56F8200AE457C /* PBXContainerItemProxy */ = {
			isa = PBXContainerItemProxy;
			containerPortal = 447CD27D13A56F8200AE457C /* RestKit.xcodeproj */;
			proxyType = 2;
			remoteGlobalIDString = 253A081412551D5300976E89;
			remoteInfo = RestKitCoreData;
		};
		447CD29B13A56F8200AE457C /* PBXContainerItemProxy */ = {
			isa = PBXContainerItemProxy;
			containerPortal = 447CD27D13A56F8200AE457C /* RestKit.xcodeproj */;
			proxyType = 2;
			remoteGlobalIDString = 2523360511E79F090048F9B4;
			remoteInfo = RestKitThree20;
		};
		447CD29D13A56F8200AE457C /* PBXContainerItemProxy */ = {
			isa = PBXContainerItemProxy;
			containerPortal = 447CD27D13A56F8200AE457C /* RestKit.xcodeproj */;
			proxyType = 2;
			remoteGlobalIDString = 3F6C39A510FE5C95008F47C5;
			remoteInfo = UISpec;
		};
		447CD30113A5720D00AE457C /* PBXContainerItemProxy */ = {
			isa = PBXContainerItemProxy;
			containerPortal = 447CD27D13A56F8200AE457C /* RestKit.xcodeproj */;
			proxyType = 1;
			remoteGlobalIDString = 255B7588133BABBF00ED76AD;
			remoteInfo = RestKit;
		};
/* End PBXContainerItemProxy section */

/* Begin PBXFileReference section */
		4406EEC813B0A0ED00D8F77F /* MessageUI.framework */ = {isa = PBXFileReference; lastKnownFileType = wrapper.framework; name = MessageUI.framework; path = System/Library/Frameworks/MessageUI.framework; sourceTree = SDKROOT; };
		4407217013A13AC6002C8B08 /* RootView.xib */ = {isa = PBXFileReference; fileEncoding = 4; lastKnownFileType = file.xib; path = RootView.xib; sourceTree = "<group>"; };
		44193EC513A133A90025300D /* Yummy.app */ = {isa = PBXFileReference; explicitFileType = wrapper.application; includeInIndex = 0; path = Yummy.app; sourceTree = BUILT_PRODUCTS_DIR; };
		44193EC913A133A90025300D /* UIKit.framework */ = {isa = PBXFileReference; lastKnownFileType = wrapper.framework; name = UIKit.framework; path = System/Library/Frameworks/UIKit.framework; sourceTree = SDKROOT; };
		44193ECB13A133A90025300D /* Foundation.framework */ = {isa = PBXFileReference; lastKnownFileType = wrapper.framework; name = Foundation.framework; path = System/Library/Frameworks/Foundation.framework; sourceTree = SDKROOT; };
		44193ECD13A133A90025300D /* CoreGraphics.framework */ = {isa = PBXFileReference; lastKnownFileType = wrapper.framework; name = CoreGraphics.framework; path = System/Library/Frameworks/CoreGraphics.framework; sourceTree = SDKROOT; };
		44193ED113A133A90025300D /* Yummy-Info.plist */ = {isa = PBXFileReference; lastKnownFileType = text.plist.xml; path = "Yummy-Info.plist"; sourceTree = "<group>"; };
		44193ED313A133A90025300D /* en */ = {isa = PBXFileReference; lastKnownFileType = text.plist.strings; name = en; path = en.lproj/InfoPlist.strings; sourceTree = "<group>"; };
		44193ED513A133A90025300D /* Yummy-Prefix.pch */ = {isa = PBXFileReference; lastKnownFileType = sourcecode.c.h; path = "Yummy-Prefix.pch"; sourceTree = "<group>"; };
		44193ED613A133A90025300D /* main.m */ = {isa = PBXFileReference; lastKnownFileType = sourcecode.c.objc; path = main.m; sourceTree = "<group>"; };
		44193ED813A133A90025300D /* YummyAppDelegate.h */ = {isa = PBXFileReference; lastKnownFileType = sourcecode.c.h; path = YummyAppDelegate.h; sourceTree = "<group>"; };
		44193ED913A133A90025300D /* YummyAppDelegate.m */ = {isa = PBXFileReference; lastKnownFileType = sourcecode.c.objc; path = YummyAppDelegate.m; sourceTree = "<group>"; };
		44193EDC13A133A90025300D /* en */ = {isa = PBXFileReference; lastKnownFileType = file.xib; name = en; path = en.lproj/MainWindow.xib; sourceTree = "<group>"; };
		44193EE413A133A90025300D /* RootViewController.h */ = {isa = PBXFileReference; lastKnownFileType = sourcecode.c.h; path = RootViewController.h; sourceTree = "<group>"; };
		44193EE513A133A90025300D /* RootViewController.m */ = {isa = PBXFileReference; lastKnownFileType = sourcecode.c.objc; path = RootViewController.m; sourceTree = "<group>"; };
		44193EEC13A133AA0025300D /* YummyTests.octest */ = {isa = PBXFileReference; explicitFileType = wrapper.cfbundle; includeInIndex = 0; path = YummyTests.octest; sourceTree = BUILT_PRODUCTS_DIR; };
		44193EF413A133AA0025300D /* YummyTests-Info.plist */ = {isa = PBXFileReference; lastKnownFileType = text.plist.xml; path = "YummyTests-Info.plist"; sourceTree = "<group>"; };
		44193EF613A133AA0025300D /* en */ = {isa = PBXFileReference; lastKnownFileType = text.plist.strings; name = en; path = en.lproj/InfoPlist.strings; sourceTree = "<group>"; };
		44193EF813A133AA0025300D /* YummyTests-Prefix.pch */ = {isa = PBXFileReference; lastKnownFileType = sourcecode.c.h; path = "YummyTests-Prefix.pch"; sourceTree = "<group>"; };
		44193EF913A133AA0025300D /* YummyTests.h */ = {isa = PBXFileReference; lastKnownFileType = sourcecode.c.h; path = YummyTests.h; sourceTree = "<group>"; };
		44193EFB13A133AA0025300D /* YummyTests.m */ = {isa = PBXFileReference; lastKnownFileType = sourcecode.c.objc; path = YummyTests.m; sourceTree = "<group>"; };
		44193F0513A134620025300D /* PopularBookmarksViewController.h */ = {isa = PBXFileReference; fileEncoding = 4; lastKnownFileType = sourcecode.c.h; path = PopularBookmarksViewController.h; sourceTree = "<group>"; };
		44193F0613A134620025300D /* PopularBookmarksViewController.m */ = {isa = PBXFileReference; fileEncoding = 4; lastKnownFileType = sourcecode.c.objc; path = PopularBookmarksViewController.m; sourceTree = "<group>"; };
		44193F0713A134620025300D /* BookmarkFeedViewController.h */ = {isa = PBXFileReference; fileEncoding = 4; lastKnownFileType = sourcecode.c.h; path = BookmarkFeedViewController.h; sourceTree = "<group>"; };
		44193F0813A134620025300D /* BookmarkFeedViewController.m */ = {isa = PBXFileReference; fileEncoding = 4; lastKnownFileType = sourcecode.c.objc; path = BookmarkFeedViewController.m; sourceTree = "<group>"; };
		447CD20613A5319E00AE457C /* libRestKitNetwork.a */ = {isa = PBXFileReference; explicitFileType = archive.ar; path = libRestKitNetwork.a; sourceTree = SOURCE_ROOT; };
		447CD20713A5319E00AE457C /* libRestKitObjectMapping.a */ = {isa = PBXFileReference; explicitFileType = archive.ar; path = libRestKitObjectMapping.a; sourceTree = SOURCE_ROOT; };
		447CD20813A5319E00AE457C /* libRestKitSupport.a */ = {isa = PBXFileReference; explicitFileType = archive.ar; path = libRestKitSupport.a; sourceTree = SOURCE_ROOT; };
		447CD20E13A5319E00AE457C /* CFNetwork.framework */ = {isa = PBXFileReference; lastKnownFileType = wrapper.framework; name = CFNetwork.framework; path = System/Library/Frameworks/CFNetwork.framework; sourceTree = SDKROOT; };
		447CD20F13A5319E00AE457C /* CoreData.framework */ = {isa = PBXFileReference; lastKnownFileType = wrapper.framework; name = CoreData.framework; path = System/Library/Frameworks/CoreData.framework; sourceTree = SDKROOT; };
		447CD21013A5319E00AE457C /* MobileCoreServices.framework */ = {isa = PBXFileReference; lastKnownFileType = wrapper.framework; name = MobileCoreServices.framework; path = System/Library/Frameworks/MobileCoreServices.framework; sourceTree = SDKROOT; };
		447CD21113A5319E00AE457C /* SystemConfiguration.framework */ = {isa = PBXFileReference; lastKnownFileType = wrapper.framework; name = SystemConfiguration.framework; path = System/Library/Frameworks/SystemConfiguration.framework; sourceTree = SDKROOT; };
		447CD21613A534CE00AE457C /* Bookmark.h */ = {isa = PBXFileReference; fileEncoding = 4; lastKnownFileType = sourcecode.c.h; path = Bookmark.h; sourceTree = "<group>"; };
		447CD21713A534CE00AE457C /* Bookmark.m */ = {isa = PBXFileReference; fileEncoding = 4; lastKnownFileType = sourcecode.c.objc; path = Bookmark.m; sourceTree = "<group>"; };
		447CD21913A53AC900AE457C /* DetailViewController.h */ = {isa = PBXFileReference; fileEncoding = 4; lastKnownFileType = sourcecode.c.h; path = DetailViewController.h; sourceTree = "<group>"; };
		447CD21A13A53AC900AE457C /* DetailViewController.m */ = {isa = PBXFileReference; fileEncoding = 4; lastKnownFileType = sourcecode.c.objc; path = DetailViewController.m; sourceTree = "<group>"; };
		447CD27D13A56F8200AE457C /* RestKit.xcodeproj */ = {isa = PBXFileReference; lastKnownFileType = "wrapper.pb-project"; name = RestKit.xcodeproj; path = RestKit/RestKit.xcodeproj; sourceTree = "<group>"; };
		44A6491513B1FBEB00B1ECE1 /* EGORefreshTableHeaderView.m */ = {isa = PBXFileReference; fileEncoding = 4; lastKnownFileType = sourcecode.c.objc; path = EGORefreshTableHeaderView.m; sourceTree = "<group>"; };
		44A6491613B1FBEB00B1ECE1 /* EGORefreshTableHeaderView.h */ = {isa = PBXFileReference; fileEncoding = 4; lastKnownFileType = sourcecode.c.h; path = EGORefreshTableHeaderView.h; sourceTree = "<group>"; };
		44A6491913B1FC1300B1ECE1 /* whiteArrow@2x.png */ = {isa = PBXFileReference; lastKnownFileType = image.png; path = "whiteArrow@2x.png"; sourceTree = "<group>"; };
		44A6491A13B1FC1300B1ECE1 /* whiteArrow.png */ = {isa = PBXFileReference; lastKnownFileType = image.png; path = whiteArrow.png; sourceTree = "<group>"; };
		44A6491B13B1FC1300B1ECE1 /* grayArrow@2x.png */ = {isa = PBXFileReference; lastKnownFileType = image.png; path = "grayArrow@2x.png"; sourceTree = "<group>"; };
		44A6491C13B1FC1300B1ECE1 /* grayArrow.png */ = {isa = PBXFileReference; lastKnownFileType = image.png; path = grayArrow.png; sourceTree = "<group>"; };
		44A6491D13B1FC1300B1ECE1 /* blueArrow@2x.png */ = {isa = PBXFileReference; lastKnownFileType = image.png; path = "blueArrow@2x.png"; sourceTree = "<group>"; };
		44A6491E13B1FC1300B1ECE1 /* blueArrow.png */ = {isa = PBXFileReference; lastKnownFileType = image.png; path = blueArrow.png; sourceTree = "<group>"; };
		44A6491F13B1FC1300B1ECE1 /* blackArrow@2x.png */ = {isa = PBXFileReference; lastKnownFileType = image.png; path = "blackArrow@2x.png"; sourceTree = "<group>"; };
		44A6492013B1FC1300B1ECE1 /* blackArrow.png */ = {isa = PBXFileReference; lastKnownFileType = image.png; path = blackArrow.png; sourceTree = "<group>"; };
		44A6492B13B1FCC800B1ECE1 /* QuartzCore.framework */ = {isa = PBXFileReference; lastKnownFileType = wrapper.framework; name = QuartzCore.framework; path = System/Library/Frameworks/QuartzCore.framework; sourceTree = SDKROOT; };
		44C59F7713A7BA0C00B68DC2 /* BookmarkCell.h */ = {isa = PBXFileReference; fileEncoding = 4; lastKnownFileType = sourcecode.c.h; path = BookmarkCell.h; sourceTree = "<group>"; };
		44C59F7813A7BA0C00B68DC2 /* BookmarkCell.m */ = {isa = PBXFileReference; fileEncoding = 4; lastKnownFileType = sourcecode.c.objc; path = BookmarkCell.m; sourceTree = "<group>"; };
		44C59F8113A921BB00B68DC2 /* BookmarkWebViewController.h */ = {isa = PBXFileReference; fileEncoding = 4; lastKnownFileType = sourcecode.c.h; path = BookmarkWebViewController.h; sourceTree = "<group>"; };
		44C59F8213A921BB00B68DC2 /* BookmarkWebViewController.m */ = {isa = PBXFileReference; fileEncoding = 4; lastKnownFileType = sourcecode.c.objc; path = BookmarkWebViewController.m; sourceTree = "<group>"; };
		44C59F8313A921BB00B68DC2 /* BookmarkWebView.xib */ = {isa = PBXFileReference; fileEncoding = 4; lastKnownFileType = file.xib; path = BookmarkWebView.xib; sourceTree = "<group>"; };
		44DD583813B0C15300009437 /* libRestKitJSONParserYAJL.a */ = {isa = PBXFileReference; explicitFileType = archive.ar; path = libRestKitJSONParserYAJL.a; sourceTree = SOURCE_ROOT; };
		44DD583A13B0C38200009437 /* RecentBookmarksViewController.h */ = {isa = PBXFileReference; fileEncoding = 4; lastKnownFileType = sourcecode.c.h; path = RecentBookmarksViewController.h; sourceTree = "<group>"; };
		44DD583B13B0C38200009437 /* RecentBookmarksViewController.m */ = {isa = PBXFileReference; fileEncoding = 4; lastKnownFileType = sourcecode.c.objc; path = RecentBookmarksViewController.m; sourceTree = "<group>"; };
		44DD583F13B0CD9C00009437 /* TagSelectorViewController.h */ = {isa = PBXFileReference; fileEncoding = 4; lastKnownFileType = sourcecode.c.h; path = TagSelectorViewController.h; sourceTree = "<group>"; };
		44DD584013B0CD9C00009437 /* TagSelectorViewController.m */ = {isa = PBXFileReference; fileEncoding = 4; lastKnownFileType = sourcecode.c.objc; path = TagSelectorViewController.m; sourceTree = "<group>"; };
		44DD584213B0D45500009437 /* BookmarkCell.xib */ = {isa = PBXFileReference; fileEncoding = 4; lastKnownFileType = file.xib; path = BookmarkCell.xib; sourceTree = "<group>"; };
/* End PBXFileReference section */

/* Begin PBXFrameworksBuildPhase section */
		44193EC213A133A90025300D /* Frameworks */ = {
			isa = PBXFrameworksBuildPhase;
			buildActionMask = 2147483647;
			files = (
				44A6492C13B1FCC800B1ECE1 /* QuartzCore.framework in Frameworks */,
				44DD583913B0C15300009437 /* libRestKitJSONParserYAJL.a in Frameworks */,
				4406EEC913B0A0ED00D8F77F /* MessageUI.framework in Frameworks */,
				447CD20B13A5319E00AE457C /* libRestKitNetwork.a in Frameworks */,
				447CD20C13A5319E00AE457C /* libRestKitObjectMapping.a in Frameworks */,
				447CD20D13A5319E00AE457C /* libRestKitSupport.a in Frameworks */,
				447CD21213A5319E00AE457C /* CFNetwork.framework in Frameworks */,
				447CD21313A5319E00AE457C /* CoreData.framework in Frameworks */,
				447CD21413A5319E00AE457C /* MobileCoreServices.framework in Frameworks */,
				447CD21513A5319E00AE457C /* SystemConfiguration.framework in Frameworks */,
				44193ECA13A133A90025300D /* UIKit.framework in Frameworks */,
				44193ECC13A133A90025300D /* Foundation.framework in Frameworks */,
				44193ECE13A133A90025300D /* CoreGraphics.framework in Frameworks */,
			);
			runOnlyForDeploymentPostprocessing = 0;
		};
		44193EE813A133AA0025300D /* Frameworks */ = {
			isa = PBXFrameworksBuildPhase;
			buildActionMask = 2147483647;
			files = (
				44193EED13A133AA0025300D /* UIKit.framework in Frameworks */,
				44193EEE13A133AA0025300D /* Foundation.framework in Frameworks */,
				44193EEF13A133AA0025300D /* CoreGraphics.framework in Frameworks */,
			);
			runOnlyForDeploymentPostprocessing = 0;
		};
/* End PBXFrameworksBuildPhase section */

/* Begin PBXGroup section */
		44193EBA13A133A90025300D = {
			isa = PBXGroup;
			children = (
				447CD27D13A56F8200AE457C /* RestKit.xcodeproj */,
				44193ECF13A133A90025300D /* Yummy */,
				44193EF213A133AA0025300D /* YummyTests */,
				44193EC813A133A90025300D /* Frameworks */,
				44193EC613A133A90025300D /* Products */,
			);
			sourceTree = "<group>";
		};
		44193EC613A133A90025300D /* Products */ = {
			isa = PBXGroup;
			children = (
				44193EC513A133A90025300D /* Yummy.app */,
				44193EEC13A133AA0025300D /* YummyTests.octest */,
			);
			name = Products;
			sourceTree = "<group>";
		};
		44193EC813A133A90025300D /* Frameworks */ = {
			isa = PBXGroup;
			children = (
				44A6492B13B1FCC800B1ECE1 /* QuartzCore.framework */,
				4406EEC813B0A0ED00D8F77F /* MessageUI.framework */,
				447CD20613A5319E00AE457C /* libRestKitNetwork.a */,
				44DD583813B0C15300009437 /* libRestKitJSONParserYAJL.a */,
				447CD20713A5319E00AE457C /* libRestKitObjectMapping.a */,
				447CD20813A5319E00AE457C /* libRestKitSupport.a */,
				447CD20E13A5319E00AE457C /* CFNetwork.framework */,
				447CD20F13A5319E00AE457C /* CoreData.framework */,
				447CD21013A5319E00AE457C /* MobileCoreServices.framework */,
				447CD21113A5319E00AE457C /* SystemConfiguration.framework */,
				44193EC913A133A90025300D /* UIKit.framework */,
				44193ECB13A133A90025300D /* Foundation.framework */,
				44193ECD13A133A90025300D /* CoreGraphics.framework */,
			);
			name = Frameworks;
			sourceTree = "<group>";
		};
		44193ECF13A133A90025300D /* Yummy */ = {
			isa = PBXGroup;
			children = (
				44A6492A13B1FC4C00B1ECE1 /* Model */,
				44A6492913B1FC2E00B1ECE1 /* View */,
				44A6491813B1FBFD00B1ECE1 /* Resources */,
				44DD583D13B0C5FD00009437 /* Controller */,
				44193ED813A133A90025300D /* YummyAppDelegate.h */,
				44193ED913A133A90025300D /* YummyAppDelegate.m */,
				44193EDB13A133A90025300D /* MainWindow.xib */,
				4407217013A13AC6002C8B08 /* RootView.xib */,
				44193ED013A133A90025300D /* Supporting Files */,
			);
			path = Yummy;
			sourceTree = "<group>";
		};
		44193ED013A133A90025300D /* Supporting Files */ = {
			isa = PBXGroup;
			children = (
				44193ED113A133A90025300D /* Yummy-Info.plist */,
				44193ED213A133A90025300D /* InfoPlist.strings */,
				44193ED513A133A90025300D /* Yummy-Prefix.pch */,
				44193ED613A133A90025300D /* main.m */,
			);
			name = "Supporting Files";
			sourceTree = "<group>";
		};
		44193EF213A133AA0025300D /* YummyTests */ = {
			isa = PBXGroup;
			children = (
				44193EF913A133AA0025300D /* YummyTests.h */,
				44193EFB13A133AA0025300D /* YummyTests.m */,
				44193EF313A133AA0025300D /* Supporting Files */,
			);
			path = YummyTests;
			sourceTree = "<group>";
		};
		44193EF313A133AA0025300D /* Supporting Files */ = {
			isa = PBXGroup;
			children = (
				44193EF413A133AA0025300D /* YummyTests-Info.plist */,
				44193EF513A133AA0025300D /* InfoPlist.strings */,
				44193EF813A133AA0025300D /* YummyTests-Prefix.pch */,
			);
			name = "Supporting Files";
			sourceTree = "<group>";
		};
		447CD27E13A56F8200AE457C /* Products */ = {
			isa = PBXGroup;
			children = (
				447CD28C13A56F8200AE457C /* libRestKitNetwork.a */,
				447CD28E13A56F8200AE457C /* libRestKitObjectMapping.a */,
				447CD29013A56F8200AE457C /* libRestKitSupport.a */,
				447CD29213A56F8200AE457C /* libRestKitJSONParserYAJL.a */,
				447CD29413A56F8200AE457C /* libRestKitJSONParserSBJSON.a */,
				447CD29613A56F8200AE457C /* libRestKitJSONParserJSONKit.a */,
				447CD29813A56F8200AE457C /* libRestKitXMLParserLibxml.a */,
				447CD29A13A56F8200AE457C /* libRestKitCoreData.a */,
				447CD29C13A56F8200AE457C /* libRestKitThree20.a */,
				447CD29E13A56F8200AE457C /* UISpec.app */,
			);
			name = Products;
			sourceTree = "<group>";
		};
		44A6491813B1FBFD00B1ECE1 /* Resources */ = {
			isa = PBXGroup;
			children = (
				44A6491913B1FC1300B1ECE1 /* whiteArrow@2x.png */,
				44A6491A13B1FC1300B1ECE1 /* whiteArrow.png */,
				44A6491B13B1FC1300B1ECE1 /* grayArrow@2x.png */,
				44A6491C13B1FC1300B1ECE1 /* grayArrow.png */,
				44A6491D13B1FC1300B1ECE1 /* blueArrow@2x.png */,
				44A6491E13B1FC1300B1ECE1 /* blueArrow.png */,
				44A6491F13B1FC1300B1ECE1 /* blackArrow@2x.png */,
				44A6492013B1FC1300B1ECE1 /* blackArrow.png */,
			);
			name = Resources;
			sourceTree = "<group>";
		};
		44A6492913B1FC2E00B1ECE1 /* View */ = {
			isa = PBXGroup;
			children = (
				44A6491513B1FBEB00B1ECE1 /* EGORefreshTableHeaderView.m */,
				44A6491613B1FBEB00B1ECE1 /* EGORefreshTableHeaderView.h */,
				44C59F7713A7BA0C00B68DC2 /* BookmarkCell.h */,
				44C59F7813A7BA0C00B68DC2 /* BookmarkCell.m */,
				44DD584213B0D45500009437 /* BookmarkCell.xib */,
			);
			name = View;
			sourceTree = "<group>";
		};
		44A6492A13B1FC4C00B1ECE1 /* Model */ = {
			isa = PBXGroup;
			children = (
				447CD21613A534CE00AE457C /* Bookmark.h */,
				447CD21713A534CE00AE457C /* Bookmark.m */,
			);
			name = Model;
			sourceTree = "<group>";
		};
		44DD583D13B0C5FD00009437 /* Controller */ = {
			isa = PBXGroup;
			children = (
				44DD583E13B0C63F00009437 /* Bookmark Feed Controllers */,
				44193EE413A133A90025300D /* RootViewController.h */,
				44193EE513A133A90025300D /* RootViewController.m */,
				447CD21913A53AC900AE457C /* DetailViewController.h */,
				447CD21A13A53AC900AE457C /* DetailViewController.m */,
				44C59F8113A921BB00B68DC2 /* BookmarkWebViewController.h */,
				44C59F8213A921BB00B68DC2 /* BookmarkWebViewController.m */,
				44C59F8313A921BB00B68DC2 /* BookmarkWebView.xib */,
				44193F0713A134620025300D /* BookmarkFeedViewController.h */,
				44193F0813A134620025300D /* BookmarkFeedViewController.m */,
				44DD583F13B0CD9C00009437 /* TagSelectorViewController.h */,
				44DD584013B0CD9C00009437 /* TagSelectorViewController.m */,
			);
			name = Controller;
			sourceTree = "<group>";
		};
		44DD583E13B0C63F00009437 /* Bookmark Feed Controllers */ = {
			isa = PBXGroup;
			children = (
				44DD583A13B0C38200009437 /* RecentBookmarksViewController.h */,
				44DD583B13B0C38200009437 /* RecentBookmarksViewController.m */,
				44193F0513A134620025300D /* PopularBookmarksViewController.h */,
				44193F0613A134620025300D /* PopularBookmarksViewController.m */,
			);
			name = "Bookmark Feed Controllers";
			sourceTree = "<group>";
		};
/* End PBXGroup section */

/* Begin PBXNativeTarget section */
		44193EC413A133A90025300D /* Yummy */ = {
			isa = PBXNativeTarget;
			buildConfigurationList = 44193EFF13A133AA0025300D /* Build configuration list for PBXNativeTarget "Yummy" */;
			buildPhases = (
				44193EC113A133A90025300D /* Sources */,
				44193EC213A133A90025300D /* Frameworks */,
				44193EC313A133A90025300D /* Resources */,
			);
			buildRules = (
			);
			dependencies = (
				447CD30213A5720D00AE457C /* PBXTargetDependency */,
			);
			name = Yummy;
			productName = Yummy;
			productReference = 44193EC513A133A90025300D /* Yummy.app */;
			productType = "com.apple.product-type.application";
		};
		44193EEB13A133AA0025300D /* YummyTests */ = {
			isa = PBXNativeTarget;
			buildConfigurationList = 44193F0213A133AA0025300D /* Build configuration list for PBXNativeTarget "YummyTests" */;
			buildPhases = (
				44193EE713A133AA0025300D /* Sources */,
				44193EE813A133AA0025300D /* Frameworks */,
				44193EE913A133AA0025300D /* Resources */,
				44193EEA13A133AA0025300D /* ShellScript */,
			);
			buildRules = (
			);
			dependencies = (
				44193EF113A133AA0025300D /* PBXTargetDependency */,
			);
			name = YummyTests;
			productName = YummyTests;
			productReference = 44193EEC13A133AA0025300D /* YummyTests.octest */;
			productType = "com.apple.product-type.bundle";
		};
/* End PBXNativeTarget section */

/* Begin PBXProject section */
		44193EBC13A133A90025300D /* Project object */ = {
			isa = PBXProject;
			buildConfigurationList = 44193EBF13A133A90025300D /* Build configuration list for PBXProject "Yummy" */;
			compatibilityVersion = "Xcode 3.2";
			developmentRegion = English;
			hasScannedForEncodings = 0;
			knownRegions = (
				en,
			);
			mainGroup = 44193EBA13A133A90025300D;
			productRefGroup = 44193EC613A133A90025300D /* Products */;
			projectDirPath = "";
			projectReferences = (
				{
					ProductGroup = 447CD27E13A56F8200AE457C /* Products */;
					ProjectRef = 447CD27D13A56F8200AE457C /* RestKit.xcodeproj */;
				},
			);
			projectRoot = "";
			targets = (
				44193EC413A133A90025300D /* Yummy */,
				44193EEB13A133AA0025300D /* YummyTests */,
			);
		};
/* End PBXProject section */

/* Begin PBXReferenceProxy section */
		447CD28C13A56F8200AE457C /* libRestKitNetwork.a */ = {
			isa = PBXReferenceProxy;
			fileType = archive.ar;
			path = libRestKitNetwork.a;
			remoteRef = 447CD28B13A56F8200AE457C /* PBXContainerItemProxy */;
			sourceTree = BUILT_PRODUCTS_DIR;
		};
		447CD28E13A56F8200AE457C /* libRestKitObjectMapping.a */ = {
			isa = PBXReferenceProxy;
			fileType = archive.ar;
			path = libRestKitObjectMapping.a;
			remoteRef = 447CD28D13A56F8200AE457C /* PBXContainerItemProxy */;
			sourceTree = BUILT_PRODUCTS_DIR;
		};
		447CD29013A56F8200AE457C /* libRestKitSupport.a */ = {
			isa = PBXReferenceProxy;
			fileType = archive.ar;
			path = libRestKitSupport.a;
			remoteRef = 447CD28F13A56F8200AE457C /* PBXContainerItemProxy */;
			sourceTree = BUILT_PRODUCTS_DIR;
		};
		447CD29213A56F8200AE457C /* libRestKitJSONParserYAJL.a */ = {
			isa = PBXReferenceProxy;
			fileType = archive.ar;
			path = libRestKitJSONParserYAJL.a;
			remoteRef = 447CD29113A56F8200AE457C /* PBXContainerItemProxy */;
			sourceTree = BUILT_PRODUCTS_DIR;
		};
		447CD29413A56F8200AE457C /* libRestKitJSONParserSBJSON.a */ = {
			isa = PBXReferenceProxy;
			fileType = archive.ar;
			path = libRestKitJSONParserSBJSON.a;
			remoteRef = 447CD29313A56F8200AE457C /* PBXContainerItemProxy */;
			sourceTree = BUILT_PRODUCTS_DIR;
		};
		447CD29613A56F8200AE457C /* libRestKitJSONParserJSONKit.a */ = {
			isa = PBXReferenceProxy;
			fileType = archive.ar;
			path = libRestKitJSONParserJSONKit.a;
			remoteRef = 447CD29513A56F8200AE457C /* PBXContainerItemProxy */;
			sourceTree = BUILT_PRODUCTS_DIR;
		};
		447CD29813A56F8200AE457C /* libRestKitXMLParserLibxml.a */ = {
			isa = PBXReferenceProxy;
			fileType = archive.ar;
			path = libRestKitXMLParserLibxml.a;
			remoteRef = 447CD29713A56F8200AE457C /* PBXContainerItemProxy */;
			sourceTree = BUILT_PRODUCTS_DIR;
		};
		447CD29A13A56F8200AE457C /* libRestKitCoreData.a */ = {
			isa = PBXReferenceProxy;
			fileType = archive.ar;
			path = libRestKitCoreData.a;
			remoteRef = 447CD29913A56F8200AE457C /* PBXContainerItemProxy */;
			sourceTree = BUILT_PRODUCTS_DIR;
		};
		447CD29C13A56F8200AE457C /* libRestKitThree20.a */ = {
			isa = PBXReferenceProxy;
			fileType = archive.ar;
			path = libRestKitThree20.a;
			remoteRef = 447CD29B13A56F8200AE457C /* PBXContainerItemProxy */;
			sourceTree = BUILT_PRODUCTS_DIR;
		};
		447CD29E13A56F8200AE457C /* UISpec.app */ = {
			isa = PBXReferenceProxy;
			fileType = wrapper.application;
			path = UISpec.app;
			remoteRef = 447CD29D13A56F8200AE457C /* PBXContainerItemProxy */;
			sourceTree = BUILT_PRODUCTS_DIR;
		};
/* End PBXReferenceProxy section */

/* Begin PBXResourcesBuildPhase section */
		44193EC313A133A90025300D /* Resources */ = {
			isa = PBXResourcesBuildPhase;
			buildActionMask = 2147483647;
			files = (
				44193ED413A133A90025300D /* InfoPlist.strings in Resources */,
				44193EDD13A133A90025300D /* MainWindow.xib in Resources */,
				4407217113A13AC6002C8B08 /* RootView.xib in Resources */,
				44C59F8513A921BB00B68DC2 /* BookmarkWebView.xib in Resources */,
				44DD584313B0D45500009437 /* BookmarkCell.xib in Resources */,
				44A6492113B1FC1300B1ECE1 /* whiteArrow@2x.png in Resources */,
				44A6492213B1FC1300B1ECE1 /* whiteArrow.png in Resources */,
				44A6492313B1FC1300B1ECE1 /* grayArrow@2x.png in Resources */,
				44A6492413B1FC1300B1ECE1 /* grayArrow.png in Resources */,
				44A6492513B1FC1300B1ECE1 /* blueArrow@2x.png in Resources */,
				44A6492613B1FC1300B1ECE1 /* blueArrow.png in Resources */,
				44A6492713B1FC1300B1ECE1 /* blackArrow@2x.png in Resources */,
				44A6492813B1FC1300B1ECE1 /* blackArrow.png in Resources */,
			);
			runOnlyForDeploymentPostprocessing = 0;
		};
		44193EE913A133AA0025300D /* Resources */ = {
			isa = PBXResourcesBuildPhase;
			buildActionMask = 2147483647;
			files = (
				44193EF713A133AA0025300D /* InfoPlist.strings in Resources */,
				44193EFA13A133AA0025300D /* YummyTests.h in Resources */,
			);
			runOnlyForDeploymentPostprocessing = 0;
		};
/* End PBXResourcesBuildPhase section */

/* Begin PBXShellScriptBuildPhase section */
		44193EEA13A133AA0025300D /* ShellScript */ = {
			isa = PBXShellScriptBuildPhase;
			buildActionMask = 2147483647;
			files = (
			);
			inputPaths = (
			);
			outputPaths = (
			);
			runOnlyForDeploymentPostprocessing = 0;
			shellPath = /bin/sh;
			shellScript = "# Run the unit tests in this test bundle.\n\"${SYSTEM_DEVELOPER_DIR}/Tools/RunUnitTests\"\n";
		};
/* End PBXShellScriptBuildPhase section */

/* Begin PBXSourcesBuildPhase section */
		44193EC113A133A90025300D /* Sources */ = {
			isa = PBXSourcesBuildPhase;
			buildActionMask = 2147483647;
			files = (
				44193ED713A133A90025300D /* main.m in Sources */,
				44193EDA13A133A90025300D /* YummyAppDelegate.m in Sources */,
				44193EE613A133A90025300D /* RootViewController.m in Sources */,
				44193F0913A134620025300D /* PopularBookmarksViewController.m in Sources */,
				44193F0A13A134620025300D /* BookmarkFeedViewController.m in Sources */,
				447CD21813A534CE00AE457C /* Bookmark.m in Sources */,
				447CD21B13A53AC900AE457C /* DetailViewController.m in Sources */,
				44C59F7A13A7BA0C00B68DC2 /* BookmarkCell.m in Sources */,
				44C59F8413A921BB00B68DC2 /* BookmarkWebViewController.m in Sources */,
				44DD583C13B0C38200009437 /* RecentBookmarksViewController.m in Sources */,
				44DD584113B0CD9C00009437 /* TagSelectorViewController.m in Sources */,
				44A6491713B1FBEB00B1ECE1 /* EGORefreshTableHeaderView.m in Sources */,
			);
			runOnlyForDeploymentPostprocessing = 0;
		};
		44193EE713A133AA0025300D /* Sources */ = {
			isa = PBXSourcesBuildPhase;
			buildActionMask = 2147483647;
			files = (
				44193EFC13A133AA0025300D /* YummyTests.m in Sources */,
			);
			runOnlyForDeploymentPostprocessing = 0;
		};
/* End PBXSourcesBuildPhase section */

/* Begin PBXTargetDependency section */
		44193EF113A133AA0025300D /* PBXTargetDependency */ = {
			isa = PBXTargetDependency;
			target = 44193EC413A133A90025300D /* Yummy */;
			targetProxy = 44193EF013A133AA0025300D /* PBXContainerItemProxy */;
		};
		447CD30213A5720D00AE457C /* PBXTargetDependency */ = {
			isa = PBXTargetDependency;
			name = RestKit;
			targetProxy = 447CD30113A5720D00AE457C /* PBXContainerItemProxy */;
		};
/* End PBXTargetDependency section */

/* Begin PBXVariantGroup section */
		44193ED213A133A90025300D /* InfoPlist.strings */ = {
			isa = PBXVariantGroup;
			children = (
				44193ED313A133A90025300D /* en */,
			);
			name = InfoPlist.strings;
			sourceTree = "<group>";
		};
		44193EDB13A133A90025300D /* MainWindow.xib */ = {
			isa = PBXVariantGroup;
			children = (
				44193EDC13A133A90025300D /* en */,
			);
			name = MainWindow.xib;
			sourceTree = "<group>";
		};
		44193EF513A133AA0025300D /* InfoPlist.strings */ = {
			isa = PBXVariantGroup;
			children = (
				44193EF613A133AA0025300D /* en */,
			);
			name = InfoPlist.strings;
			sourceTree = "<group>";
		};
/* End PBXVariantGroup section */

/* Begin XCBuildConfiguration section */
		44193EFD13A133AA0025300D /* Debug */ = {
			isa = XCBuildConfiguration;
			buildSettings = {
				ARCHS = "$(ARCHS_UNIVERSAL_IPHONE_OS)";
				"CODE_SIGN_IDENTITY[sdk=iphoneos*]" = "iPhone Developer";
				GCC_C_LANGUAGE_STANDARD = gnu99;
				GCC_OPTIMIZATION_LEVEL = 0;
				GCC_PREPROCESSOR_DEFINITIONS = DEBUG;
				GCC_SYMBOLS_PRIVATE_EXTERN = NO;
				GCC_VERSION = com.apple.compilers.llvmgcc42;
				GCC_WARN_ABOUT_RETURN_TYPE = YES;
				GCC_WARN_UNUSED_VARIABLE = YES;
				HEADER_SEARCH_PATHS = "\"$(SOURCE_ROOT)/RestKit/Build\"";
				IPHONEOS_DEPLOYMENT_TARGET = 4.3;
				LIBRARY_SEARCH_PATHS = "";
				"LIBRARY_SEARCH_PATHS[arch=*]" = "\"$(SOURCE_ROOT)/RestKit/Build/$(BUILD_STYLE)-$(PLATFORM_NAME)\"";
				MACOSX_DEPLOYMENT_TARGET = "";
				OTHER_LDFLAGS = (
					"-ObjC",
					"-all_load",
				);
				SDKROOT = iphoneos;
				TARGETED_DEVICE_FAMILY = 2;
			};
			name = Debug;
		};
		44193EFE13A133AA0025300D /* Release */ = {
			isa = XCBuildConfiguration;
			buildSettings = {
				ARCHS = "$(ARCHS_UNIVERSAL_IPHONE_OS)";
				"CODE_SIGN_IDENTITY[sdk=iphoneos*]" = "iPhone Developer";
				GCC_C_LANGUAGE_STANDARD = gnu99;
				GCC_VERSION = com.apple.compilers.llvmgcc42;
				GCC_WARN_ABOUT_RETURN_TYPE = YES;
				GCC_WARN_UNUSED_VARIABLE = YES;
				HEADER_SEARCH_PATHS = "\"$(SOURCE_ROOT)/RestKit/Build\"";
				IPHONEOS_DEPLOYMENT_TARGET = 4.3;
				LIBRARY_SEARCH_PATHS = "\"$(SOURCE_ROOT)/RestKit/Build/$(BUILD_STYLE)-$(PLATFORM_NAME)\"";
				MACOSX_DEPLOYMENT_TARGET = "";
				OTHER_CFLAGS = "-DNS_BLOCK_ASSERTIONS=1";
				OTHER_LDFLAGS = (
					"-ObjC",
					"-all_load",
				);
				SDKROOT = iphoneos;
				TARGETED_DEVICE_FAMILY = 2;
			};
			name = Release;
		};
		44193F0013A133AA0025300D /* Debug */ = {
			isa = XCBuildConfiguration;
			buildSettings = {
				ALWAYS_SEARCH_USER_PATHS = NO;
				COPY_PHASE_STRIP = NO;
				GCC_DYNAMIC_NO_PIC = NO;
				GCC_PRECOMPILE_PREFIX_HEADER = YES;
				GCC_PREFIX_HEADER = "Yummy/Yummy-Prefix.pch";
				HEADER_SEARCH_PATHS = "\"$(SOURCE_ROOT)/RestKit/Build\"";
				INFOPLIST_FILE = "Yummy/Yummy-Info.plist";
				LIBRARY_SEARCH_PATHS = (
					"\"$(SOURCE_ROOT)/RestKit/Build/$(BUILD_STYLE)-$(PLATFORM_NAME)\"",
					"\"$(SRCROOT)\"",
				);
				OTHER_LDFLAGS = (
					"-ObjC",
					"-all_load",
				);
				PRODUCT_NAME = "$(TARGET_NAME)";
				WRAPPER_EXTENSION = app;
			};
			name = Debug;
		};
		44193F0113A133AA0025300D /* Release */ = {
			isa = XCBuildConfiguration;
			buildSettings = {
				ALWAYS_SEARCH_USER_PATHS = NO;
				COPY_PHASE_STRIP = YES;
				GCC_PRECOMPILE_PREFIX_HEADER = YES;
				GCC_PREFIX_HEADER = "Yummy/Yummy-Prefix.pch";
				HEADER_SEARCH_PATHS = "\"$(SOURCE_ROOT)/RestKit/Build\"";
				INFOPLIST_FILE = "Yummy/Yummy-Info.plist";
				LIBRARY_SEARCH_PATHS = (
					"\"$(SOURCE_ROOT)/RestKit/Build/$(BUILD_STYLE)-$(PLATFORM_NAME)\"",
					"\"$(SRCROOT)\"",
				);
				"LIBRARY_SEARCH_PATHS[arch=*]" = "";
				OTHER_LDFLAGS = (
					"-ObjC",
					"-all_load",
				);
				PRODUCT_NAME = "$(TARGET_NAME)";
				VALIDATE_PRODUCT = YES;
				WRAPPER_EXTENSION = app;
			};
			name = Release;
		};
		44193F0313A133AA0025300D /* Debug */ = {
			isa = XCBuildConfiguration;
			buildSettings = {
				ALWAYS_SEARCH_USER_PATHS = NO;
				ARCHS = "$(ARCHS_STANDARD_32_BIT)";
				BUNDLE_LOADER = "$(BUILT_PRODUCTS_DIR)/Yummy.app/Yummy";
				FRAMEWORK_SEARCH_PATHS = (
					"$(SDKROOT)/Developer/Library/Frameworks",
					"$(DEVELOPER_LIBRARY_DIR)/Frameworks",
				);
				GCC_PRECOMPILE_PREFIX_HEADER = YES;
				GCC_PREFIX_HEADER = "YummyTests/YummyTests-Prefix.pch";
				INFOPLIST_FILE = "YummyTests/YummyTests-Info.plist";
				OTHER_LDFLAGS = (
					"-framework",
					SenTestingKit,
				);
				PRODUCT_NAME = "$(TARGET_NAME)";
				TEST_HOST = "$(BUNDLE_LOADER)";
				WRAPPER_EXTENSION = octest;
			};
			name = Debug;
		};
		44193F0413A133AA0025300D /* Release */ = {
			isa = XCBuildConfiguration;
			buildSettings = {
				ALWAYS_SEARCH_USER_PATHS = NO;
				ARCHS = "$(ARCHS_STANDARD_32_BIT)";
				BUNDLE_LOADER = "$(BUILT_PRODUCTS_DIR)/Yummy.app/Yummy";
				FRAMEWORK_SEARCH_PATHS = (
					"$(SDKROOT)/Developer/Library/Frameworks",
					"$(DEVELOPER_LIBRARY_DIR)/Frameworks",
				);
				GCC_PRECOMPILE_PREFIX_HEADER = YES;
				GCC_PREFIX_HEADER = "YummyTests/YummyTests-Prefix.pch";
				INFOPLIST_FILE = "YummyTests/YummyTests-Info.plist";
				OTHER_LDFLAGS = (
					"-framework",
					SenTestingKit,
				);
				PRODUCT_NAME = "$(TARGET_NAME)";
				TEST_HOST = "$(BUNDLE_LOADER)";
				WRAPPER_EXTENSION = octest;
			};
			name = Release;
		};
/* End XCBuildConfiguration section */

/* Begin XCConfigurationList section */
		44193EBF13A133A90025300D /* Build configuration list for PBXProject "Yummy" */ = {
			isa = XCConfigurationList;
			buildConfigurations = (
				44193EFD13A133AA0025300D /* Debug */,
				44193EFE13A133AA0025300D /* Release */,
			);
			defaultConfigurationIsVisible = 0;
			defaultConfigurationName = Release;
		};
		44193EFF13A133AA0025300D /* Build configuration list for PBXNativeTarget "Yummy" */ = {
			isa = XCConfigurationList;
			buildConfigurations = (
				44193F0013A133AA0025300D /* Debug */,
				44193F0113A133AA0025300D /* Release */,
			);
			defaultConfigurationIsVisible = 0;
			defaultConfigurationName = Release;
		};
		44193F0213A133AA0025300D /* Build configuration list for PBXNativeTarget "YummyTests" */ = {
			isa = XCConfigurationList;
			buildConfigurations = (
				44193F0313A133AA0025300D /* Debug */,
				44193F0413A133AA0025300D /* Release */,
			);
			defaultConfigurationIsVisible = 0;
			defaultConfigurationName = Release;
		};
/* End XCConfigurationList section */
	};
	rootObject = 44193EBC13A133A90025300D /* Project object */;
}
